
Microsoft Visual Studio Solution File, Format Version 12.00
# Visual Studio Version 16
VisualStudioVersion = 16.0.31424.327
MinimumVisualStudioVersion = 10.0.40219.1
Project("{FAE04EC0-301F-11D3-BF4B-00C04F79EFBC}") = "YOVPS.Core", "YOVPS.Core\YOVPS.Core.csproj", "{D0CE21F8-D0E2-4B58-819B-FD920E4656EC}"
EndProject
Project("{FAE04EC0-301F-11D3-BF4B-00C04F79EFBC}") = "YOVPS.Core.UnitTests", "YOVPS.Core.UnitTests\YOVPS.Core.UnitTests.csproj", "{8ACBCA7E-4C9C-4B1D-82E3-401093A2DB39}"
EndProject
Project("{FAE04EC0-301F-11D3-BF4B-00C04F79EFBC}") = "YOVPS.WebAPI", "YOVPS.WebAPI\YOVPS.WebAPI.csproj", "{6F66F2CE-6431-43B6-B49D-2A216DFAB75E}"
EndProject
Global
	GlobalSection(SolutionConfigurationPlatforms) = preSolution
		Debug|Any CPU = Debug|Any CPU
		Release|Any CPU = Release|Any CPU
	EndGlobalSection
	GlobalSection(ProjectConfigurationPlatforms) = postSolution
		{D0CE21F8-D0E2-4B58-819B-FD920E4656EC}.Debug|Any CPU.ActiveCfg = Debug|Any CPU
		{D0CE21F8-D0E2-4B58-819B-FD920E4656EC}.Debug|Any CPU.Build.0 = Debug|Any CPU
		{D0CE21F8-D0E2-4B58-819B-FD920E4656EC}.Release|Any CPU.ActiveCfg = Release|Any CPU
		{D0CE21F8-D0E2-4B58-819B-FD920E4656EC}.Release|Any CPU.Build.0 = Release|Any CPU
		{8ACBCA7E-4C9C-4B1D-82E3-401093A2DB39}.Debug|Any CPU.ActiveCfg = Debug|Any CPU
		{8ACBCA7E-4C9C-4B1D-82E3-401093A2DB39}.Debug|Any CPU.Build.0 = Debug|Any CPU
		{8ACBCA7E-4C9C-4B1D-82E3-401093A2DB39}.Release|Any CPU.ActiveCfg = Release|Any CPU
		{8ACBCA7E-4C9C-4B1D-82E3-401093A2DB39}.Release|Any CPU.Build.0 = Release|Any CPU
		{6F66F2CE-6431-43B6-B49D-2A216DFAB75E}.Debug|Any CPU.ActiveCfg = Debug|Any CPU
		{6F66F2CE-6431-43B6-B49D-2A216DFAB75E}.Debug|Any CPU.Build.0 = Debug|Any CPU
		{6F66F2CE-6431-43B6-B49D-2A216DFAB75E}.Release|Any CPU.ActiveCfg = Release|Any CPU
		{6F66F2CE-6431-43B6-B49D-2A216DFAB75E}.Release|Any CPU.Build.0 = Release|Any CPU
	EndGlobalSection
	GlobalSection(SolutionProperties) = preSolution
		HideSolutionNode = FALSE
	EndGlobalSection
	GlobalSection(ExtensibilityGlobals) = postSolution
		SolutionGuid = {B3DB83C0-6FCC-4DE7-B2EA-E960C28E6A11}
	EndGlobalSection
EndGlobal
